
Microsoft Visual Studio Solution File, Format Version 12.00
# Visual Studio Version 16
VisualStudioVersion = 16.0.33529.622
MinimumVisualStudioVersion = 10.0.40219.1
Project("{8BC9CEB8-8B4A-11D0-8D11-00A0C91BC942}") = "Sandbox", "Sandbox\Sandbox.vcxproj", "{958257F5-A741-4F6B-BE02-19A159418DAD}"
EndProject
Project("{8BC9CEB8-8B4A-11D0-8D11-00A0C91BC942}") = "Dream", "Dream\Dream.vcxproj", "{D53B5F49-5DE6-4B88-8319-ED6C6381764C}"
EndProject
Global
	GlobalSection(SolutionConfigurationPlatforms) = preSolution
		Debug|x64 = Debug|x64
		Release|x64 = Release|x64
	EndGlobalSection
	GlobalSection(ProjectConfigurationPlatforms) = postSolution
		{D53B5F49-5DE6-4B88-8319-ED6C6381764C}.Debug|x64.ActiveCfg = Debug|x64
		{D53B5F49-5DE6-4B88-8319-ED6C6381764C}.Debug|x64.Build.0 = Debug|x64
		{D53B5F49-5DE6-4B88-8319-ED6C6381764C}.Release|x64.ActiveCfg = Release|x64
		{D53B5F49-5DE6-4B88-8319-ED6C6381764C}.Release|x64.Build.0 = Release|x64
		{958257F5-A741-4F6B-BE02-19A159418DAD}.Debug|x64.ActiveCfg = Debug|x64
		{958257F5-A741-4F6B-BE02-19A159418DAD}.Debug|x64.Build.0 = Debug|x64
		{958257F5-A741-4F6B-BE02-19A159418DAD}.Release|x64.ActiveCfg = Release|x64
		{958257F5-A741-4F6B-BE02-19A159418DAD}.Release|x64.Build.0 = Release|x64
	EndGlobalSection
	GlobalSection(SolutionProperties) = preSolution
		HideSolutionNode = FALSE
	EndGlobalSection
	GlobalSection(ExtensibilityGlobals) = postSolution
		SolutionGuid = {BF094AC0-F86A-49E6-B9FC-0C80C4B5C6DC}
	EndGlobalSection
EndGlobal
